
Microsoft Visual Studio Solution File, Format Version 12.00
# Visual Studio Version 16
VisualStudioVersion = 16.0.30523.141
MinimumVisualStudioVersion = 10.0.40219.1
Project("{FAE04EC0-301F-11D3-BF4B-00C04F79EFBC}") = "CareeriaIOTSensorControl", "PointCollegeSensorControl\CareeriaIOTSensorControl.csproj", "{48EED623-C324-49BF-B393-F27945AEF565}"
EndProject
Global
	GlobalSection(SolutionConfigurationPlatforms) = preSolution
		Debug|Any CPU = Debug|Any CPU
		Release|Any CPU = Release|Any CPU
	EndGlobalSection
	GlobalSection(ProjectConfigurationPlatforms) = postSolution
		{48EED623-C324-49BF-B393-F27945AEF565}.Debug|Any CPU.ActiveCfg = Debug|Any CPU
		{48EED623-C324-49BF-B393-F27945AEF565}.Debug|Any CPU.Build.0 = Debug|Any CPU
		{48EED623-C324-49BF-B393-F27945AEF565}.Release|Any CPU.ActiveCfg = Release|Any CPU
		{48EED623-C324-49BF-B393-F27945AEF565}.Release|Any CPU.Build.0 = Release|Any CPU
	EndGlobalSection
	GlobalSection(SolutionProperties) = preSolution
		HideSolutionNode = FALSE
	EndGlobalSection
	GlobalSection(ExtensibilityGlobals) = postSolution
		SolutionGuid = {BF13C0B0-5C0A-4903-866C-5B1D707875F2}
	EndGlobalSection
EndGlobal
